
Microsoft Visual Studio Solution File, Format Version 12.00
# Visual Studio Version 16
VisualStudioVersion = 16.0.31624.102
MinimumVisualStudioVersion = 10.0.40219.1
Project("{2150E333-8FDC-42A3-9474-1A3956D46DE8}") = "21-11-8", "21-11-8", "{F266CDAF-0468-4481-A5A5-23163790CC9A}"
EndProject
Project("{FAE04EC0-301F-11D3-BF4B-00C04F79EFBC}") = "11-8-【1】", "11-8-【1】\11-8-【1】.csproj", "{98E92FC7-471F-43BC-A046-11C6A4D9D17C}"
EndProject
Global
	GlobalSection(SolutionConfigurationPlatforms) = preSolution
		Debug|Any CPU = Debug|Any CPU
		Release|Any CPU = Release|Any CPU
	EndGlobalSection
	GlobalSection(ProjectConfigurationPlatforms) = postSolution
		{98E92FC7-471F-43BC-A046-11C6A4D9D17C}.Debug|Any CPU.ActiveCfg = Debug|Any CPU
		{98E92FC7-471F-43BC-A046-11C6A4D9D17C}.Debug|Any CPU.Build.0 = Debug|Any CPU
		{98E92FC7-471F-43BC-A046-11C6A4D9D17C}.Release|Any CPU.ActiveCfg = Release|Any CPU
		{98E92FC7-471F-43BC-A046-11C6A4D9D17C}.Release|Any CPU.Build.0 = Release|Any CPU
	EndGlobalSection
	GlobalSection(SolutionProperties) = preSolution
		HideSolutionNode = FALSE
	EndGlobalSection
	GlobalSection(NestedProjects) = preSolution
		{98E92FC7-471F-43BC-A046-11C6A4D9D17C} = {F266CDAF-0468-4481-A5A5-23163790CC9A}
	EndGlobalSection
	GlobalSection(ExtensibilityGlobals) = postSolution
		SolutionGuid = {3D6166D7-9E63-424F-B343-9C56601FFA59}
	EndGlobalSection
EndGlobal
